
Microsoft Visual Studio Solution File, Format Version 12.00
# Visual Studio Version 16
VisualStudioVersion = 16.0.29306.81
MinimumVisualStudioVersion = 10.0.40219.1
Project("{FAE04EC0-301F-11D3-BF4B-00C04F79EFBC}") = "LesApp0", "LesApp0\LesApp0.csproj", "{AABAF783-CEF1-4575-8B78-8C4C24CCEF6D}"
EndProject
Project("{FAE04EC0-301F-11D3-BF4B-00C04F79EFBC}") = "LesApp0.Tests", "LesApp0.Tests\LesApp0.Tests.csproj", "{03C152FC-D88C-43FF-B752-3918B240D799}"
EndProject
Global
	GlobalSection(SolutionConfigurationPlatforms) = preSolution
		Debug|Any CPU = Debug|Any CPU
		Release|Any CPU = Release|Any CPU
	EndGlobalSection
	GlobalSection(ProjectConfigurationPlatforms) = postSolution
		{AABAF783-CEF1-4575-8B78-8C4C24CCEF6D}.Debug|Any CPU.ActiveCfg = Debug|Any CPU
		{AABAF783-CEF1-4575-8B78-8C4C24CCEF6D}.Debug|Any CPU.Build.0 = Debug|Any CPU
		{AABAF783-CEF1-4575-8B78-8C4C24CCEF6D}.Release|Any CPU.ActiveCfg = Release|Any CPU
		{AABAF783-CEF1-4575-8B78-8C4C24CCEF6D}.Release|Any CPU.Build.0 = Release|Any CPU
		{03C152FC-D88C-43FF-B752-3918B240D799}.Debug|Any CPU.ActiveCfg = Debug|Any CPU
		{03C152FC-D88C-43FF-B752-3918B240D799}.Debug|Any CPU.Build.0 = Debug|Any CPU
		{03C152FC-D88C-43FF-B752-3918B240D799}.Release|Any CPU.ActiveCfg = Release|Any CPU
		{03C152FC-D88C-43FF-B752-3918B240D799}.Release|Any CPU.Build.0 = Release|Any CPU
	EndGlobalSection
	GlobalSection(SolutionProperties) = preSolution
		HideSolutionNode = FALSE
	EndGlobalSection
	GlobalSection(ExtensibilityGlobals) = postSolution
		SolutionGuid = {26A89CCA-EFE8-47C6-8A57-9CE822EE5C03}
	EndGlobalSection
EndGlobal
