
Microsoft Visual Studio Solution File, Format Version 12.00
# Visual Studio Version 16
VisualStudioVersion = 16.0.29306.81
MinimumVisualStudioVersion = 10.0.40219.1
Project("{FAE04EC0-301F-11D3-BF4B-00C04F79EFBC}") = "LesApp0", "LesApp0\LesApp0.csproj", "{AABAF783-CEF1-4575-8B78-8C4C24CCEF6D}"
EndProject
Project("{FAE04EC0-301F-11D3-BF4B-00C04F79EFBC}") = "LesApp0.Tests", "LesApp0.Tests\LesApp0.Tests.csproj", "{03C152FC-D88C-43FF-B752-3918B240D799}"
EndProject
Project("{FAE04EC0-301F-11D3-BF4B-00C04F79EFBC}") = "LesApp1", "LesApp1\LesApp1.csproj", "{C891F17B-5769-498B-9974-60363F08EF65}"
EndProject
Project("{FAE04EC0-301F-11D3-BF4B-00C04F79EFBC}") = "LesApp2", "LesApp2\LesApp2.csproj", "{F56E0319-6BC7-4310-B0AF-FD97CC9C52F0}"
EndProject
Project("{FAE04EC0-301F-11D3-BF4B-00C04F79EFBC}") = "LesApp2.Tests", "LesApp2.Tests\LesApp2.Tests.csproj", "{750F0E9C-C21E-4964-BD4B-19F6DC29A97D}"
EndProject
Project("{FAE04EC0-301F-11D3-BF4B-00C04F79EFBC}") = "LesApp3", "LesApp3\LesApp3.csproj", "{8F81FF85-3EF3-42E5-9CB9-9F433F0101CB}"
EndProject
Project("{FAE04EC0-301F-11D3-BF4B-00C04F79EFBC}") = "LesApp3.Tests", "LesApp3.Tests\LesApp3.Tests.csproj", "{FC0BA75B-D92D-4255-AE01-A11DC9C4721E}"
EndProject
Global
	GlobalSection(SolutionConfigurationPlatforms) = preSolution
		Debug|Any CPU = Debug|Any CPU
		Release|Any CPU = Release|Any CPU
	EndGlobalSection
	GlobalSection(ProjectConfigurationPlatforms) = postSolution
		{AABAF783-CEF1-4575-8B78-8C4C24CCEF6D}.Debug|Any CPU.ActiveCfg = Debug|Any CPU
		{AABAF783-CEF1-4575-8B78-8C4C24CCEF6D}.Debug|Any CPU.Build.0 = Debug|Any CPU
		{AABAF783-CEF1-4575-8B78-8C4C24CCEF6D}.Release|Any CPU.ActiveCfg = Release|Any CPU
		{AABAF783-CEF1-4575-8B78-8C4C24CCEF6D}.Release|Any CPU.Build.0 = Release|Any CPU
		{03C152FC-D88C-43FF-B752-3918B240D799}.Debug|Any CPU.ActiveCfg = Debug|Any CPU
		{03C152FC-D88C-43FF-B752-3918B240D799}.Debug|Any CPU.Build.0 = Debug|Any CPU
		{03C152FC-D88C-43FF-B752-3918B240D799}.Release|Any CPU.ActiveCfg = Release|Any CPU
		{03C152FC-D88C-43FF-B752-3918B240D799}.Release|Any CPU.Build.0 = Release|Any CPU
		{C891F17B-5769-498B-9974-60363F08EF65}.Debug|Any CPU.ActiveCfg = Debug|Any CPU
		{C891F17B-5769-498B-9974-60363F08EF65}.Debug|Any CPU.Build.0 = Debug|Any CPU
		{C891F17B-5769-498B-9974-60363F08EF65}.Release|Any CPU.ActiveCfg = Release|Any CPU
		{C891F17B-5769-498B-9974-60363F08EF65}.Release|Any CPU.Build.0 = Release|Any CPU
		{F56E0319-6BC7-4310-B0AF-FD97CC9C52F0}.Debug|Any CPU.ActiveCfg = Debug|Any CPU
		{F56E0319-6BC7-4310-B0AF-FD97CC9C52F0}.Debug|Any CPU.Build.0 = Debug|Any CPU
		{F56E0319-6BC7-4310-B0AF-FD97CC9C52F0}.Release|Any CPU.ActiveCfg = Release|Any CPU
		{F56E0319-6BC7-4310-B0AF-FD97CC9C52F0}.Release|Any CPU.Build.0 = Release|Any CPU
		{750F0E9C-C21E-4964-BD4B-19F6DC29A97D}.Debug|Any CPU.ActiveCfg = Debug|Any CPU
		{750F0E9C-C21E-4964-BD4B-19F6DC29A97D}.Debug|Any CPU.Build.0 = Debug|Any CPU
		{750F0E9C-C21E-4964-BD4B-19F6DC29A97D}.Release|Any CPU.ActiveCfg = Release|Any CPU
		{750F0E9C-C21E-4964-BD4B-19F6DC29A97D}.Release|Any CPU.Build.0 = Release|Any CPU
		{8F81FF85-3EF3-42E5-9CB9-9F433F0101CB}.Debug|Any CPU.ActiveCfg = Debug|Any CPU
		{8F81FF85-3EF3-42E5-9CB9-9F433F0101CB}.Debug|Any CPU.Build.0 = Debug|Any CPU
		{8F81FF85-3EF3-42E5-9CB9-9F433F0101CB}.Release|Any CPU.ActiveCfg = Release|Any CPU
		{8F81FF85-3EF3-42E5-9CB9-9F433F0101CB}.Release|Any CPU.Build.0 = Release|Any CPU
		{FC0BA75B-D92D-4255-AE01-A11DC9C4721E}.Debug|Any CPU.ActiveCfg = Debug|Any CPU
		{FC0BA75B-D92D-4255-AE01-A11DC9C4721E}.Debug|Any CPU.Build.0 = Debug|Any CPU
		{FC0BA75B-D92D-4255-AE01-A11DC9C4721E}.Release|Any CPU.ActiveCfg = Release|Any CPU
		{FC0BA75B-D92D-4255-AE01-A11DC9C4721E}.Release|Any CPU.Build.0 = Release|Any CPU
	EndGlobalSection
	GlobalSection(SolutionProperties) = preSolution
		HideSolutionNode = FALSE
	EndGlobalSection
	GlobalSection(ExtensibilityGlobals) = postSolution
		SolutionGuid = {26A89CCA-EFE8-47C6-8A57-9CE822EE5C03}
	EndGlobalSection
EndGlobal
